
Microsoft Visual Studio Solution File, Format Version 12.00
# Visual Studio Version 17
VisualStudioVersion = 17.3.32825.248
MinimumVisualStudioVersion = 10.0.40219.1
Project("{FAE04EC0-301F-11D3-BF4B-00C04F79EFBC}") = "Exec_For01", "Exec_For01\Exec_For01.csproj", "{0FFB6BF8-F9D8-47CB-89AF-55E580856539}"
EndProject
Project("{FAE04EC0-301F-11D3-BF4B-00C04F79EFBC}") = "Exec_For02", "Exec_For02\Exec_For02.csproj", "{FF530AC6-8849-41CC-93E8-BE4D465E6FD5}"
EndProject
Project("{FAE04EC0-301F-11D3-BF4B-00C04F79EFBC}") = "Exec_For03", "Exec_For03\Exec_For03.csproj", "{9AECCFA3-4D0B-4055-BFF2-588F06C45D78}"
EndProject
Project("{FAE04EC0-301F-11D3-BF4B-00C04F79EFBC}") = "Exec_For04", "Exec_For04\Exec_For04.csproj", "{716E70A9-57BF-4890-BDF0-3316A9B12EBB}"
EndProject
Project("{FAE04EC0-301F-11D3-BF4B-00C04F79EFBC}") = "Exec_For05", "Exec_For05\Exec_For05.csproj", "{48C2CF5B-1A20-4370-AD4D-4AC6E8C65CD0}"
EndProject
Project("{FAE04EC0-301F-11D3-BF4B-00C04F79EFBC}") = "Exec_Factorial", "Exec_Factorial\Exec_Factorial.csproj", "{DB02DB43-7267-4AA0-89CE-AD0AEF59236D}"
EndProject
Global
	GlobalSection(SolutionConfigurationPlatforms) = preSolution
		Debug|Any CPU = Debug|Any CPU
		Release|Any CPU = Release|Any CPU
	EndGlobalSection
	GlobalSection(ProjectConfigurationPlatforms) = postSolution
		{0FFB6BF8-F9D8-47CB-89AF-55E580856539}.Debug|Any CPU.ActiveCfg = Debug|Any CPU
		{0FFB6BF8-F9D8-47CB-89AF-55E580856539}.Debug|Any CPU.Build.0 = Debug|Any CPU
		{0FFB6BF8-F9D8-47CB-89AF-55E580856539}.Release|Any CPU.ActiveCfg = Release|Any CPU
		{0FFB6BF8-F9D8-47CB-89AF-55E580856539}.Release|Any CPU.Build.0 = Release|Any CPU
		{FF530AC6-8849-41CC-93E8-BE4D465E6FD5}.Debug|Any CPU.ActiveCfg = Debug|Any CPU
		{FF530AC6-8849-41CC-93E8-BE4D465E6FD5}.Debug|Any CPU.Build.0 = Debug|Any CPU
		{FF530AC6-8849-41CC-93E8-BE4D465E6FD5}.Release|Any CPU.ActiveCfg = Release|Any CPU
		{FF530AC6-8849-41CC-93E8-BE4D465E6FD5}.Release|Any CPU.Build.0 = Release|Any CPU
		{9AECCFA3-4D0B-4055-BFF2-588F06C45D78}.Debug|Any CPU.ActiveCfg = Debug|Any CPU
		{9AECCFA3-4D0B-4055-BFF2-588F06C45D78}.Debug|Any CPU.Build.0 = Debug|Any CPU
		{9AECCFA3-4D0B-4055-BFF2-588F06C45D78}.Release|Any CPU.ActiveCfg = Release|Any CPU
		{9AECCFA3-4D0B-4055-BFF2-588F06C45D78}.Release|Any CPU.Build.0 = Release|Any CPU
		{716E70A9-57BF-4890-BDF0-3316A9B12EBB}.Debug|Any CPU.ActiveCfg = Debug|Any CPU
		{716E70A9-57BF-4890-BDF0-3316A9B12EBB}.Debug|Any CPU.Build.0 = Debug|Any CPU
		{716E70A9-57BF-4890-BDF0-3316A9B12EBB}.Release|Any CPU.ActiveCfg = Release|Any CPU
		{716E70A9-57BF-4890-BDF0-3316A9B12EBB}.Release|Any CPU.Build.0 = Release|Any CPU
		{48C2CF5B-1A20-4370-AD4D-4AC6E8C65CD0}.Debug|Any CPU.ActiveCfg = Debug|Any CPU
		{48C2CF5B-1A20-4370-AD4D-4AC6E8C65CD0}.Debug|Any CPU.Build.0 = Debug|Any CPU
		{48C2CF5B-1A20-4370-AD4D-4AC6E8C65CD0}.Release|Any CPU.ActiveCfg = Release|Any CPU
		{48C2CF5B-1A20-4370-AD4D-4AC6E8C65CD0}.Release|Any CPU.Build.0 = Release|Any CPU
		{DB02DB43-7267-4AA0-89CE-AD0AEF59236D}.Debug|Any CPU.ActiveCfg = Debug|Any CPU
		{DB02DB43-7267-4AA0-89CE-AD0AEF59236D}.Debug|Any CPU.Build.0 = Debug|Any CPU
		{DB02DB43-7267-4AA0-89CE-AD0AEF59236D}.Release|Any CPU.ActiveCfg = Release|Any CPU
		{DB02DB43-7267-4AA0-89CE-AD0AEF59236D}.Release|Any CPU.Build.0 = Release|Any CPU
	EndGlobalSection
	GlobalSection(SolutionProperties) = preSolution
		HideSolutionNode = FALSE
	EndGlobalSection
	GlobalSection(ExtensibilityGlobals) = postSolution
		SolutionGuid = {22416AF9-E2CF-4512-976C-2F339740D860}
	EndGlobalSection
EndGlobal
